{
  "name": "quantum-coin-js-sdk",
  "version": "1.0.18",
  "lockfileVersion": 3,
  "requires": true,
  "packages": {
    "": {
      "name": "quantum-coin-js-sdk",
      "version": "1.0.18",
      "license": "MIT",
      "dependencies": {
        "quantum-coin-pqc-js-sdk": "^1.0.0",
        "seed-words": "^1.0.1"
      }
    },
    "node_modules/quantum-coin-pqc-js-sdk": {
      "version": "1.0.1",
      "resolved": "https://registry.npmjs.org/quantum-coin-pqc-js-sdk/-/quantum-coin-pqc-js-sdk-1.0.1.tgz",
      "integrity": "sha512-d837t+/wVt8SN6xp3RMAkHvClgrwo2VV254eIsz6do2HD1GmzXCH+vts9S4jILHo7wK0ro7SHRwzZLR9AEhOIw==",
      "license": "MIT"
    },
    "node_modules/seed-words": {
      "version": "1.0.1",
      "resolved": "https://registry.npmjs.org/seed-words/-/seed-words-1.0.1.tgz",
      "integrity": "sha512-wq9DqfEGXzvIdTatznyQo/9+SN8tM/FNV4H0sAPc6XcOSYdI3YhIL035OYwTld1m1Cn2vnMtNBQv1mBTaU1Qjg==",
      "license": "MIT"
    }
  }
}
