{
  "name": "qc-sdk",
  "version": "1.0.1",
  "lockfileVersion": 3,
  "requires": true,
  "packages": {
    "": {
      "name": "qc-sdk",
      "version": "1.0.1",
      "license": "MIT",
      "dependencies": {
        "pqc-js-sdk": "^1.0.0"
      }
    },
    "node_modules/pqc-js-sdk": {
      "version": "1.0.0",
      "resolved": "https://registry.npmjs.org/pqc-js-sdk/-/pqc-js-sdk-1.0.0.tgz",
      "integrity": "sha512-7Q5YlFvaXoP+MK+yn4KH4MYvJDkyGoGUU/zKYsRxR1mVqddqGUsGvz2JTsfH5B/Gkk97gMMh3PQ7MmkM8iJA5Q=="
    }
  }
}
